PODS:
  - OLManager (1.0.11)

DEPENDENCIES:
  - OLManager (from `/Users/max/Desktop/OverlaysManager/Pod/OverlaysManager/OLManager`)

EXTERNAL SOURCES:
  OLManager:
    :path: "/Users/max/Desktop/OverlaysManager/Pod/OverlaysManager/OLManager"

SPEC CHECKSUMS:
  OLManager: d08aea03b2d43574bf5dc4d4df5573a72a3098ff

PODFILE CHECKSUM: fbe327bc8b72d04f2cb2f88073924f068e3d5214

COCOAPODS: 1.6.0
